
Microsoft Visual Studio Solution File, Format Version 12.00
# Blend for Visual Studio Version 16
VisualStudioVersion = 16.0.31702.278
MinimumVisualStudioVersion = 10.0.40219.1
Project("{FAE04EC0-301F-11D3-BF4B-00C04F79EFBC}") = "Wrapping Listbox", "Wrapping Listbox\Wrapping Listbox.csproj", "{475ABAF2-9B1A-4C35-857F-AFCD01823E79}"
EndProject
Global
	GlobalSection(SolutionConfigurationPlatforms) = preSolution
		Debug|Any CPU = Debug|Any CPU
		Release|Any CPU = Release|Any CPU
	EndGlobalSection
	GlobalSection(ProjectConfigurationPlatforms) = postSolution
		{475ABAF2-9B1A-4C35-857F-AFCD01823E79}.Debug|Any CPU.ActiveCfg = Debug|Any CPU
		{475ABAF2-9B1A-4C35-857F-AFCD01823E79}.Debug|Any CPU.Build.0 = Debug|Any CPU
		{475ABAF2-9B1A-4C35-857F-AFCD01823E79}.Release|Any CPU.ActiveCfg = Release|Any CPU
		{475ABAF2-9B1A-4C35-857F-AFCD01823E79}.Release|Any CPU.Build.0 = Release|Any CPU
	EndGlobalSection
	GlobalSection(SolutionProperties) = preSolution
		HideSolutionNode = FALSE
	EndGlobalSection
	GlobalSection(ExtensibilityGlobals) = postSolution
		SolutionGuid = {16E72E1A-8530-4D38-B5CD-EDB2105972D3}
	EndGlobalSection
EndGlobal
