
Microsoft Visual Studio Solution File, Format Version 12.00
# Blend for Visual Studio Version 16
VisualStudioVersion = 16.0.31702.278
MinimumVisualStudioVersion = 10.0.40219.1
Project("{FAE04EC0-301F-11D3-BF4B-00C04F79EFBC}") = "MultipleScreenApp", "MultipleScreenApp\MultipleScreenApp.csproj", "{FC2B9B57-385A-4A9E-BA01-4CBB237A6B27}"
EndProject
Global
	GlobalSection(SolutionConfigurationPlatforms) = preSolution
		Debug|Any CPU = Debug|Any CPU
		Release|Any CPU = Release|Any CPU
	EndGlobalSection
	GlobalSection(ProjectConfigurationPlatforms) = postSolution
		{FC2B9B57-385A-4A9E-BA01-4CBB237A6B27}.Debug|Any CPU.ActiveCfg = Debug|Any CPU
		{FC2B9B57-385A-4A9E-BA01-4CBB237A6B27}.Debug|Any CPU.Build.0 = Debug|Any CPU
		{FC2B9B57-385A-4A9E-BA01-4CBB237A6B27}.Release|Any CPU.ActiveCfg = Release|Any CPU
		{FC2B9B57-385A-4A9E-BA01-4CBB237A6B27}.Release|Any CPU.Build.0 = Release|Any CPU
	EndGlobalSection
	GlobalSection(SolutionProperties) = preSolution
		HideSolutionNode = FALSE
	EndGlobalSection
	GlobalSection(ExtensibilityGlobals) = postSolution
		SolutionGuid = {16A61708-8F8D-429D-AC3F-45440E7C42A0}
	EndGlobalSection
EndGlobal
