
Microsoft Visual Studio Solution File, Format Version 12.00
# Blend for Visual Studio Version 16
VisualStudioVersion = 16.0.31702.278
MinimumVisualStudioVersion = 10.0.40219.1
Project("{FAE04EC0-301F-11D3-BF4B-00C04F79EFBC}") = "SimpleAnimation", "SimpleAnimation\SimpleAnimation.csproj", "{36198B2F-0CB8-4DB5-879D-0D7F0FE22F41}"
EndProject
Global
	GlobalSection(SolutionConfigurationPlatforms) = preSolution
		Debug|Any CPU = Debug|Any CPU
		Release|Any CPU = Release|Any CPU
	EndGlobalSection
	GlobalSection(ProjectConfigurationPlatforms) = postSolution
		{36198B2F-0CB8-4DB5-879D-0D7F0FE22F41}.Debug|Any CPU.ActiveCfg = Debug|Any CPU
		{36198B2F-0CB8-4DB5-879D-0D7F0FE22F41}.Debug|Any CPU.Build.0 = Debug|Any CPU
		{36198B2F-0CB8-4DB5-879D-0D7F0FE22F41}.Release|Any CPU.ActiveCfg = Release|Any CPU
		{36198B2F-0CB8-4DB5-879D-0D7F0FE22F41}.Release|Any CPU.Build.0 = Release|Any CPU
	EndGlobalSection
	GlobalSection(SolutionProperties) = preSolution
		HideSolutionNode = FALSE
	EndGlobalSection
	GlobalSection(ExtensibilityGlobals) = postSolution
		SolutionGuid = {846CD787-6D7C-4C02-BCAC-5F17AC159518}
	EndGlobalSection
EndGlobal
