
Microsoft Visual Studio Solution File, Format Version 12.00
# Visual Studio Version 16
VisualStudioVersion = 16.0.31702.278
MinimumVisualStudioVersion = 10.0.40219.1
Project("{FAE04EC0-301F-11D3-BF4B-00C04F79EFBC}") = "Tic-Tac-Toe Game", "Tic-Tac-Toe Game\Tic-Tac-Toe Game.csproj", "{9C85E276-FEDC-443E-878D-A7DDA9804234}"
EndProject
Global
	GlobalSection(SolutionConfigurationPlatforms) = preSolution
		Debug|Any CPU = Debug|Any CPU
		Release|Any CPU = Release|Any CPU
	EndGlobalSection
	GlobalSection(ProjectConfigurationPlatforms) = postSolution
		{9C85E276-FEDC-443E-878D-A7DDA9804234}.Debug|Any CPU.ActiveCfg = Debug|Any CPU
		{9C85E276-FEDC-443E-878D-A7DDA9804234}.Debug|Any CPU.Build.0 = Debug|Any CPU
		{9C85E276-FEDC-443E-878D-A7DDA9804234}.Release|Any CPU.ActiveCfg = Release|Any CPU
		{9C85E276-FEDC-443E-878D-A7DDA9804234}.Release|Any CPU.Build.0 = Release|Any CPU
	EndGlobalSection
	GlobalSection(SolutionProperties) = preSolution
		HideSolutionNode = FALSE
	EndGlobalSection
	GlobalSection(ExtensibilityGlobals) = postSolution
		SolutionGuid = {92162544-2009-44C1-8608-FCB84738C279}
	EndGlobalSection
EndGlobal
